
Microsoft Visual Studio Solution File, Format Version 12.00
# Visual Studio Version 17
VisualStudioVersion = 17.7.34003.232
MinimumVisualStudioVersion = 10.0.40219.1
Project("{9A19103F-16F7-4668-BE54-9A1E7A4F7556}") = "KWA-Djole", "KWA-Djole\KWA-Djole.csproj", "{0A3FE8E9-66E6-4821-89CF-8CC235BECF38}"
EndProject
Project("{9A19103F-16F7-4668-BE54-9A1E7A4F7556}") = "KWA-Djole.Business", "KWA-Djole.Business\KWA-Djole.Business.csproj", "{C10CFC8B-038B-4BCC-9FAD-813A9A56212B}"
EndProject
Project("{9A19103F-16F7-4668-BE54-9A1E7A4F7556}") = "KWA-Djole.Data", "KWA-Djole.Data\KWA-Djole.Data.csproj", "{4F677B2E-7F1B-436E-A4FC-8F6961C76B19}"
EndProject
Global
	GlobalSection(SolutionConfigurationPlatforms) = preSolution
		Debug|Any CPU = Debug|Any CPU
		Release|Any CPU = Release|Any CPU
	EndGlobalSection
	GlobalSection(ProjectConfigurationPlatforms) = postSolution
		{0A3FE8E9-66E6-4821-89CF-8CC235BECF38}.Debug|Any CPU.ActiveCfg = Debug|Any CPU
		{0A3FE8E9-66E6-4821-89CF-8CC235BECF38}.Debug|Any CPU.Build.0 = Debug|Any CPU
		{0A3FE8E9-66E6-4821-89CF-8CC235BECF38}.Release|Any CPU.ActiveCfg = Release|Any CPU
		{0A3FE8E9-66E6-4821-89CF-8CC235BECF38}.Release|Any CPU.Build.0 = Release|Any CPU
		{C10CFC8B-038B-4BCC-9FAD-813A9A56212B}.Debug|Any CPU.ActiveCfg = Debug|Any CPU
		{C10CFC8B-038B-4BCC-9FAD-813A9A56212B}.Debug|Any CPU.Build.0 = Debug|Any CPU
		{C10CFC8B-038B-4BCC-9FAD-813A9A56212B}.Release|Any CPU.ActiveCfg = Release|Any CPU
		{C10CFC8B-038B-4BCC-9FAD-813A9A56212B}.Release|Any CPU.Build.0 = Release|Any CPU
		{4F677B2E-7F1B-436E-A4FC-8F6961C76B19}.Debug|Any CPU.ActiveCfg = Debug|Any CPU
		{4F677B2E-7F1B-436E-A4FC-8F6961C76B19}.Debug|Any CPU.Build.0 = Debug|Any CPU
		{4F677B2E-7F1B-436E-A4FC-8F6961C76B19}.Release|Any CPU.ActiveCfg = Release|Any CPU
		{4F677B2E-7F1B-436E-A4FC-8F6961C76B19}.Release|Any CPU.Build.0 = Release|Any CPU
	EndGlobalSection
	GlobalSection(SolutionProperties) = preSolution
		HideSolutionNode = FALSE
	EndGlobalSection
	GlobalSection(ExtensibilityGlobals) = postSolution
		SolutionGuid = {342D336F-FA6A-48D7-8774-658AC156DDC7}
	EndGlobalSection
EndGlobal
